
Microsoft Visual Studio Solution File, Format Version 12.00
# Visual Studio 2012
Project("{FAE04EC0-301F-11D3-BF4B-00C04F79EFBC}") = "TypeCobol", "TypeCobol\TypeCobol.csproj", "{7AC7A3E5-91F2-44BF-955D-86CC61375742}"
EndProject
Project("{FAE04EC0-301F-11D3-BF4B-00C04F79EFBC}") = "TypeCobol.Grammar", "TypeCobol.Grammar\TypeCobol.Grammar.csproj", "{6E707761-8F1D-409A-8E5B-03953282E435}"
EndProject
Project("{FAE04EC0-301F-11D3-BF4B-00C04F79EFBC}") = "TypeCobol.Test", "TypeCobol.Test\TypeCobol.Test.csproj", "{323CC743-ED21-4A15-AD3F-3B7C937F6332}"
EndProject
Project("{FAE04EC0-301F-11D3-BF4B-00C04F79EFBC}") = "CLI", "CLI\src\CLI.csproj", "{5BEF9D4C-B1FB-455D-A2EA-B4DB5108ECFD}"
EndProject
Project("{FAE04EC0-301F-11D3-BF4B-00C04F79EFBC}") = "Editor.VisualStudio", "Editors\VisualStudio\Editor.VisualStudio.csproj", "{83E6C379-4617-490B-A5C6-225276EA7096}"
EndProject
Project("{FAE04EC0-301F-11D3-BF4B-00C04F79EFBC}") = "TypeCobolStudio", "TypeCobolStudio\TypeCobolStudio.csproj", "{A2AAF341-E239-4C17-BC8B-4BBEBAB9FD5E}"
EndProject
Project("{FAE04EC0-301F-11D3-BF4B-00C04F79EFBC}") = "TypeCobol.LanguageServer", "TypeCobol.LanguageServer\TypeCobol.LanguageServer.csproj", "{B610D7FB-1C46-43BF-8DF3-3A59A52673C0}"
EndProject
Project("{FAE04EC0-301F-11D3-BF4B-00C04F79EFBC}") = "TypeCobol.VsCodeClient", "TypeCobol.VsCodeClient\TypeCobol.VsCodeClient.csproj", "{16734607-4567-4566-BFFA-398CF3821448}"
EndProject
Project("{FAE04EC0-301F-11D3-BF4B-00C04F79EFBC}") = "Codegen", "Codegen\src\Codegen.csproj", "{4034CBC5-D3DC-45E5-81F2-605579E6B876}"
EndProject
Project("{FAE04EC0-301F-11D3-BF4B-00C04F79EFBC}") = "Codegen.Test", "Codegen\test\Codegen.Test.csproj", "{5CEBCC42-9C36-44FB-94BB-4C164FF1FE86}"
	ProjectSection(ProjectDependencies) = postProject
		{4034CBC5-D3DC-45E5-81F2-605579E6B876} = {4034CBC5-D3DC-45E5-81F2-605579E6B876}
	EndProjectSection
EndProject
Project("{2150E333-8FDC-42A3-9474-1A3956D46DE8}") = ".nuget", ".nuget", "{B0CAA3CA-E1B4-4396-8426-50BE588BA574}"
	ProjectSection(SolutionItems) = preProject
		.nuget\NuGet.Config = .nuget\NuGet.Config
		.nuget\NuGet.exe = .nuget\NuGet.exe
		.nuget\NuGet.targets = .nuget\NuGet.targets
	EndProjectSection
EndProject
Global
	GlobalSection(SolutionConfigurationPlatforms) = preSolution
		Debug|Any CPU = Debug|Any CPU
		EIRules_Debug|Any CPU = EIRules_Debug|Any CPU
		EIRules_Release|Any CPU = EIRules_Release|Any CPU
		Release|Any CPU = Release|Any CPU
	EndGlobalSection
	GlobalSection(ProjectConfigurationPlatforms) = postSolution
		{7AC7A3E5-91F2-44BF-955D-86CC61375742}.Debug|Any CPU.ActiveCfg = Debug|Any CPU
		{7AC7A3E5-91F2-44BF-955D-86CC61375742}.Debug|Any CPU.Build.0 = Debug|Any CPU
		{7AC7A3E5-91F2-44BF-955D-86CC61375742}.EIRules_Debug|Any CPU.ActiveCfg = EIRules_Debug|Any CPU
		{7AC7A3E5-91F2-44BF-955D-86CC61375742}.EIRules_Debug|Any CPU.Build.0 = EIRules_Debug|Any CPU
		{7AC7A3E5-91F2-44BF-955D-86CC61375742}.EIRules_Release|Any CPU.ActiveCfg = EIRules_Release|Any CPU
		{7AC7A3E5-91F2-44BF-955D-86CC61375742}.EIRules_Release|Any CPU.Build.0 = EIRules_Release|Any CPU
		{7AC7A3E5-91F2-44BF-955D-86CC61375742}.Release|Any CPU.ActiveCfg = Release|Any CPU
		{7AC7A3E5-91F2-44BF-955D-86CC61375742}.Release|Any CPU.Build.0 = Release|Any CPU
		{6E707761-8F1D-409A-8E5B-03953282E435}.Debug|Any CPU.ActiveCfg = Debug|Any CPU
		{6E707761-8F1D-409A-8E5B-03953282E435}.Debug|Any CPU.Build.0 = Debug|Any CPU
		{6E707761-8F1D-409A-8E5B-03953282E435}.EIRules_Debug|Any CPU.ActiveCfg = EIRules_Debug|Any CPU
		{6E707761-8F1D-409A-8E5B-03953282E435}.EIRules_Debug|Any CPU.Build.0 = EIRules_Debug|Any CPU
		{6E707761-8F1D-409A-8E5B-03953282E435}.EIRules_Release|Any CPU.ActiveCfg = EIRules_Release|Any CPU
		{6E707761-8F1D-409A-8E5B-03953282E435}.EIRules_Release|Any CPU.Build.0 = EIRules_Release|Any CPU
		{6E707761-8F1D-409A-8E5B-03953282E435}.Release|Any CPU.ActiveCfg = Release|Any CPU
		{6E707761-8F1D-409A-8E5B-03953282E435}.Release|Any CPU.Build.0 = Release|Any CPU
		{323CC743-ED21-4A15-AD3F-3B7C937F6332}.Debug|Any CPU.ActiveCfg = Debug|Any CPU
		{323CC743-ED21-4A15-AD3F-3B7C937F6332}.Debug|Any CPU.Build.0 = Debug|Any CPU
		{323CC743-ED21-4A15-AD3F-3B7C937F6332}.EIRules_Debug|Any CPU.ActiveCfg = EIRules_Debug|Any CPU
		{323CC743-ED21-4A15-AD3F-3B7C937F6332}.EIRules_Debug|Any CPU.Build.0 = EIRules_Debug|Any CPU
		{323CC743-ED21-4A15-AD3F-3B7C937F6332}.EIRules_Release|Any CPU.ActiveCfg = EIRules_Release|Any CPU
		{323CC743-ED21-4A15-AD3F-3B7C937F6332}.EIRules_Release|Any CPU.Build.0 = EIRules_Release|Any CPU
		{323CC743-ED21-4A15-AD3F-3B7C937F6332}.Release|Any CPU.ActiveCfg = Release|Any CPU
		{323CC743-ED21-4A15-AD3F-3B7C937F6332}.Release|Any CPU.Build.0 = Release|Any CPU
		{5BEF9D4C-B1FB-455D-A2EA-B4DB5108ECFD}.Debug|Any CPU.ActiveCfg = Debug|Any CPU
		{5BEF9D4C-B1FB-455D-A2EA-B4DB5108ECFD}.Debug|Any CPU.Build.0 = Debug|Any CPU
		{5BEF9D4C-B1FB-455D-A2EA-B4DB5108ECFD}.EIRules_Debug|Any CPU.ActiveCfg = EIRules_Debug|Any CPU
		{5BEF9D4C-B1FB-455D-A2EA-B4DB5108ECFD}.EIRules_Debug|Any CPU.Build.0 = EIRules_Debug|Any CPU
		{5BEF9D4C-B1FB-455D-A2EA-B4DB5108ECFD}.EIRules_Release|Any CPU.ActiveCfg = EIRules_Release|Any CPU
		{5BEF9D4C-B1FB-455D-A2EA-B4DB5108ECFD}.EIRules_Release|Any CPU.Build.0 = EIRules_Release|Any CPU
		{5BEF9D4C-B1FB-455D-A2EA-B4DB5108ECFD}.Release|Any CPU.ActiveCfg = Release|Any CPU
		{5BEF9D4C-B1FB-455D-A2EA-B4DB5108ECFD}.Release|Any CPU.Build.0 = Release|Any CPU
		{B610D7FB-1C46-43BF-8DF3-3A59A52673C0}.Debug|Any CPU.ActiveCfg = Debug|Any CPU
		{B610D7FB-1C46-43BF-8DF3-3A59A52673C0}.Debug|Any CPU.Build.0 = Debug|Any CPU
		{B610D7FB-1C46-43BF-8DF3-3A59A52673C0}.EIRules_Debug|Any CPU.ActiveCfg = EIRules_Debug|Any CPU
		{B610D7FB-1C46-43BF-8DF3-3A59A52673C0}.EIRules_Debug|Any CPU.Build.0 = EIRules_Debug|Any CPU
		{B610D7FB-1C46-43BF-8DF3-3A59A52673C0}.EIRules_Release|Any CPU.ActiveCfg = EIRules_Release|Any CPU
		{B610D7FB-1C46-43BF-8DF3-3A59A52673C0}.EIRules_Release|Any CPU.Build.0 = EIRules_Release|Any CPU
		{B610D7FB-1C46-43BF-8DF3-3A59A52673C0}.Release|Any CPU.ActiveCfg = Release|Any CPU
		{B610D7FB-1C46-43BF-8DF3-3A59A52673C0}.Release|Any CPU.Build.0 = Release|Any CPU
		{4034CBC5-D3DC-45E5-81F2-605579E6B876}.Debug|Any CPU.ActiveCfg = Debug|Any CPU
		{4034CBC5-D3DC-45E5-81F2-605579E6B876}.Debug|Any CPU.Build.0 = Debug|Any CPU
		{4034CBC5-D3DC-45E5-81F2-605579E6B876}.EIRules_Debug|Any CPU.ActiveCfg = EIRules_Debug|Any CPU
		{4034CBC5-D3DC-45E5-81F2-605579E6B876}.EIRules_Debug|Any CPU.Build.0 = EIRules_Debug|Any CPU
		{4034CBC5-D3DC-45E5-81F2-605579E6B876}.EIRules_Release|Any CPU.ActiveCfg = EIRules_Release|Any CPU
		{4034CBC5-D3DC-45E5-81F2-605579E6B876}.EIRules_Release|Any CPU.Build.0 = EIRules_Release|Any CPU
		{4034CBC5-D3DC-45E5-81F2-605579E6B876}.Release|Any CPU.ActiveCfg = Release|Any CPU
		{4034CBC5-D3DC-45E5-81F2-605579E6B876}.Release|Any CPU.Build.0 = Release|Any CPU
		{5CEBCC42-9C36-44FB-94BB-4C164FF1FE86}.Debug|Any CPU.ActiveCfg = Debug|Any CPU
		{5CEBCC42-9C36-44FB-94BB-4C164FF1FE86}.Debug|Any CPU.Build.0 = Debug|Any CPU
		{5CEBCC42-9C36-44FB-94BB-4C164FF1FE86}.EIRules_Debug|Any CPU.ActiveCfg = EIRules_Debug|Any CPU
		{5CEBCC42-9C36-44FB-94BB-4C164FF1FE86}.EIRules_Debug|Any CPU.Build.0 = EIRules_Debug|Any CPU
		{5CEBCC42-9C36-44FB-94BB-4C164FF1FE86}.EIRules_Release|Any CPU.ActiveCfg = EIRules_Release|Any CPU
		{5CEBCC42-9C36-44FB-94BB-4C164FF1FE86}.EIRules_Release|Any CPU.Build.0 = EIRules_Release|Any CPU
		{5CEBCC42-9C36-44FB-94BB-4C164FF1FE86}.Release|Any CPU.ActiveCfg = Release|Any CPU
		{5CEBCC42-9C36-44FB-94BB-4C164FF1FE86}.Release|Any CPU.Build.0 = Release|Any CPU
	EndGlobalSection
	GlobalSection(SolutionProperties) = preSolution
		HideSolutionNode = FALSE
	EndGlobalSection
EndGlobal
