
Microsoft Visual Studio Solution File, Format Version 12.00
# Visual Studio Version 17
VisualStudioVersion = 17.5.33424.131
MinimumVisualStudioVersion = 10.0.40219.1
Project("{2150E333-8FDC-42A3-9474-1A3956D46DE8}") = "Solution Items", "Solution Items", "{1419C47A-4A2D-464F-B1FF-411C79B13274}"
	ProjectSection(SolutionItems) = preProject
		.editorconfig = .editorconfig
		Common.props = Common.props
	EndProjectSection
EndProject
Project("{9A19103F-16F7-4668-BE54-9A1E7A4F7556}") = "CSCupRuntime", "CSCupRuntime\CSCupRuntime.csproj", "{8DDBAD2E-F34F-4AAD-A448-BBAC80F7D27B}"
EndProject
Project("{9A19103F-16F7-4668-BE54-9A1E7A4F7556}") = "CSCup", "CSCup\CSCup.csproj", "{A694B675-2472-4BA3-8647-1D81C583B9BA}"
EndProject
Project("{9A19103F-16F7-4668-BE54-9A1E7A4F7556}") = "TypeCobol.Transform", "TypeCobol.Transform\TypeCobol.Transform.csproj", "{2D2ABE04-408E-4446-A706-2052B7907922}"
EndProject
Project("{9A19103F-16F7-4668-BE54-9A1E7A4F7556}") = "TypeCobol.Transform.Test", "TypeCobol.Transform.Test\TypeCobol.Transform.Test.csproj", "{99CC43AD-F8A9-44A3-8590-83B83EB5647E}"
	ProjectSection(ProjectDependencies) = postProject
		{2D2ABE04-408E-4446-A706-2052B7907922} = {2D2ABE04-408E-4446-A706-2052B7907922}
	EndProjectSection
EndProject
Project("{9A19103F-16F7-4668-BE54-9A1E7A4F7556}") = "TypeCobol", "TypeCobol\TypeCobol.csproj", "{E0C0672B-5CAD-4FBB-8558-DEDCBA3BF38A}"
	ProjectSection(ProjectDependencies) = postProject
		{A694B675-2472-4BA3-8647-1D81C583B9BA} = {A694B675-2472-4BA3-8647-1D81C583B9BA}
	EndProjectSection
EndProject
Project("{9A19103F-16F7-4668-BE54-9A1E7A4F7556}") = "TypeCobol.Test", "TypeCobol.Test\TypeCobol.Test.csproj", "{CAC3E81E-1D42-4D08-AA55-2F3770E8A985}"
	ProjectSection(ProjectDependencies) = postProject
		{E0C0672B-5CAD-4FBB-8558-DEDCBA3BF38A} = {E0C0672B-5CAD-4FBB-8558-DEDCBA3BF38A}
	EndProjectSection
EndProject
Project("{9A19103F-16F7-4668-BE54-9A1E7A4F7556}") = "TypeCobol.Analysis", "TypeCobol.Analysis\TypeCobol.Analysis.csproj", "{64375AD2-4D57-44C6-A0C2-F82CD9B58A05}"
EndProject
Project("{9A19103F-16F7-4668-BE54-9A1E7A4F7556}") = "TypeCobol.Analysis.Test", "TypeCobol.Analysis.Test\TypeCobol.Analysis.Test.csproj", "{96EA0C55-4A0E-4434-B5A2-A798D2F700B8}"
EndProject
Project("{9A19103F-16F7-4668-BE54-9A1E7A4F7556}") = "Codegen", "Codegen\src\Codegen.csproj", "{3386C461-1B83-4AC7-832D-119DBDE194D1}"
EndProject
Project("{9A19103F-16F7-4668-BE54-9A1E7A4F7556}") = "Codegen.Test", "Codegen\test\Codegen.Test.csproj", "{8542343C-D022-436D-A899-B7FAEF7781AE}"
	ProjectSection(ProjectDependencies) = postProject
		{3386C461-1B83-4AC7-832D-119DBDE194D1} = {3386C461-1B83-4AC7-832D-119DBDE194D1}
	EndProjectSection
EndProject
Project("{9A19103F-16F7-4668-BE54-9A1E7A4F7556}") = "TypeCobol.LanguageServer", "TypeCobol.LanguageServer\TypeCobol.LanguageServer.csproj", "{D777ED68-078C-4816-B8FD-1B6908A22DFD}"
EndProject
Project("{9A19103F-16F7-4668-BE54-9A1E7A4F7556}") = "TypeCobol.LanguageServer.Test", "TypeCobol.LanguageServer.Test\TypeCobol.LanguageServer.Test.csproj", "{B7685173-1730-474E-841D-FFF3597D2C4C}"
EndProject
Project("{9A19103F-16F7-4668-BE54-9A1E7A4F7556}") = "CLI", "CLI\src\CLI.csproj", "{94CA3406-43B5-4BBC-B4EB-BD733C60671B}"
EndProject
Project("{9A19103F-16F7-4668-BE54-9A1E7A4F7556}") = "CLI.Test", "CLI\test\CLI.Test.csproj", "{57133479-133B-4148-AE88-F3822E403B76}"
	ProjectSection(ProjectDependencies) = postProject
		{94CA3406-43B5-4BBC-B4EB-BD733C60671B} = {94CA3406-43B5-4BBC-B4EB-BD733C60671B}
	EndProjectSection
EndProject
Global
	GlobalSection(SolutionConfigurationPlatforms) = preSolution
		Debug|Any CPU = Debug|Any CPU
		EI_Debug|Any CPU = EI_Debug|Any CPU
		EI_Release|Any CPU = EI_Release|Any CPU
		Release|Any CPU = Release|Any CPU
	EndGlobalSection
	GlobalSection(ProjectConfigurationPlatforms) = postSolution
		{8DDBAD2E-F34F-4AAD-A448-BBAC80F7D27B}.Debug|Any CPU.ActiveCfg = Debug|Any CPU
		{8DDBAD2E-F34F-4AAD-A448-BBAC80F7D27B}.Debug|Any CPU.Build.0 = Debug|Any CPU
		{8DDBAD2E-F34F-4AAD-A448-BBAC80F7D27B}.EI_Debug|Any CPU.ActiveCfg = EI_Debug|Any CPU
		{8DDBAD2E-F34F-4AAD-A448-BBAC80F7D27B}.EI_Debug|Any CPU.Build.0 = EI_Debug|Any CPU
		{8DDBAD2E-F34F-4AAD-A448-BBAC80F7D27B}.EI_Release|Any CPU.ActiveCfg = EI_Release|Any CPU
		{8DDBAD2E-F34F-4AAD-A448-BBAC80F7D27B}.EI_Release|Any CPU.Build.0 = EI_Release|Any CPU
		{8DDBAD2E-F34F-4AAD-A448-BBAC80F7D27B}.Release|Any CPU.ActiveCfg = Release|Any CPU
		{8DDBAD2E-F34F-4AAD-A448-BBAC80F7D27B}.Release|Any CPU.Build.0 = Release|Any CPU
		{A694B675-2472-4BA3-8647-1D81C583B9BA}.Debug|Any CPU.ActiveCfg = Debug|Any CPU
		{A694B675-2472-4BA3-8647-1D81C583B9BA}.Debug|Any CPU.Build.0 = Debug|Any CPU
		{A694B675-2472-4BA3-8647-1D81C583B9BA}.EI_Debug|Any CPU.ActiveCfg = EI_Debug|Any CPU
		{A694B675-2472-4BA3-8647-1D81C583B9BA}.EI_Debug|Any CPU.Build.0 = EI_Debug|Any CPU
		{A694B675-2472-4BA3-8647-1D81C583B9BA}.EI_Release|Any CPU.ActiveCfg = EI_Release|Any CPU
		{A694B675-2472-4BA3-8647-1D81C583B9BA}.EI_Release|Any CPU.Build.0 = EI_Release|Any CPU
		{A694B675-2472-4BA3-8647-1D81C583B9BA}.Release|Any CPU.ActiveCfg = Release|Any CPU
		{A694B675-2472-4BA3-8647-1D81C583B9BA}.Release|Any CPU.Build.0 = Release|Any CPU
		{2D2ABE04-408E-4446-A706-2052B7907922}.Debug|Any CPU.ActiveCfg = Debug|Any CPU
		{2D2ABE04-408E-4446-A706-2052B7907922}.Debug|Any CPU.Build.0 = Debug|Any CPU
		{2D2ABE04-408E-4446-A706-2052B7907922}.EI_Debug|Any CPU.ActiveCfg = EI_Debug|Any CPU
		{2D2ABE04-408E-4446-A706-2052B7907922}.EI_Debug|Any CPU.Build.0 = EI_Debug|Any CPU
		{2D2ABE04-408E-4446-A706-2052B7907922}.EI_Release|Any CPU.ActiveCfg = EI_Release|Any CPU
		{2D2ABE04-408E-4446-A706-2052B7907922}.EI_Release|Any CPU.Build.0 = EI_Release|Any CPU
		{2D2ABE04-408E-4446-A706-2052B7907922}.Release|Any CPU.ActiveCfg = Release|Any CPU
		{2D2ABE04-408E-4446-A706-2052B7907922}.Release|Any CPU.Build.0 = Release|Any CPU
		{99CC43AD-F8A9-44A3-8590-83B83EB5647E}.Debug|Any CPU.ActiveCfg = Debug|Any CPU
		{99CC43AD-F8A9-44A3-8590-83B83EB5647E}.Debug|Any CPU.Build.0 = Debug|Any CPU
		{99CC43AD-F8A9-44A3-8590-83B83EB5647E}.EI_Debug|Any CPU.ActiveCfg = EI_Debug|Any CPU
		{99CC43AD-F8A9-44A3-8590-83B83EB5647E}.EI_Debug|Any CPU.Build.0 = EI_Debug|Any CPU
		{99CC43AD-F8A9-44A3-8590-83B83EB5647E}.EI_Release|Any CPU.ActiveCfg = EI_Release|Any CPU
		{99CC43AD-F8A9-44A3-8590-83B83EB5647E}.EI_Release|Any CPU.Build.0 = EI_Release|Any CPU
		{99CC43AD-F8A9-44A3-8590-83B83EB5647E}.Release|Any CPU.ActiveCfg = Release|Any CPU
		{99CC43AD-F8A9-44A3-8590-83B83EB5647E}.Release|Any CPU.Build.0 = Release|Any CPU
		{E0C0672B-5CAD-4FBB-8558-DEDCBA3BF38A}.Debug|Any CPU.ActiveCfg = Debug|Any CPU
		{E0C0672B-5CAD-4FBB-8558-DEDCBA3BF38A}.Debug|Any CPU.Build.0 = Debug|Any CPU
		{E0C0672B-5CAD-4FBB-8558-DEDCBA3BF38A}.EI_Debug|Any CPU.ActiveCfg = EI_Debug|Any CPU
		{E0C0672B-5CAD-4FBB-8558-DEDCBA3BF38A}.EI_Debug|Any CPU.Build.0 = EI_Debug|Any CPU
		{E0C0672B-5CAD-4FBB-8558-DEDCBA3BF38A}.EI_Release|Any CPU.ActiveCfg = EI_Release|Any CPU
		{E0C0672B-5CAD-4FBB-8558-DEDCBA3BF38A}.EI_Release|Any CPU.Build.0 = EI_Release|Any CPU
		{E0C0672B-5CAD-4FBB-8558-DEDCBA3BF38A}.Release|Any CPU.ActiveCfg = Release|Any CPU
		{E0C0672B-5CAD-4FBB-8558-DEDCBA3BF38A}.Release|Any CPU.Build.0 = Release|Any CPU
		{CAC3E81E-1D42-4D08-AA55-2F3770E8A985}.Debug|Any CPU.ActiveCfg = Debug|Any CPU
		{CAC3E81E-1D42-4D08-AA55-2F3770E8A985}.Debug|Any CPU.Build.0 = Debug|Any CPU
		{CAC3E81E-1D42-4D08-AA55-2F3770E8A985}.EI_Debug|Any CPU.ActiveCfg = EI_Debug|Any CPU
		{CAC3E81E-1D42-4D08-AA55-2F3770E8A985}.EI_Debug|Any CPU.Build.0 = EI_Debug|Any CPU
		{CAC3E81E-1D42-4D08-AA55-2F3770E8A985}.EI_Release|Any CPU.ActiveCfg = EI_Release|Any CPU
		{CAC3E81E-1D42-4D08-AA55-2F3770E8A985}.EI_Release|Any CPU.Build.0 = EI_Release|Any CPU
		{CAC3E81E-1D42-4D08-AA55-2F3770E8A985}.Release|Any CPU.ActiveCfg = Release|Any CPU
		{CAC3E81E-1D42-4D08-AA55-2F3770E8A985}.Release|Any CPU.Build.0 = Release|Any CPU
		{64375AD2-4D57-44C6-A0C2-F82CD9B58A05}.Debug|Any CPU.ActiveCfg = Debug|Any CPU
		{64375AD2-4D57-44C6-A0C2-F82CD9B58A05}.Debug|Any CPU.Build.0 = Debug|Any CPU
		{64375AD2-4D57-44C6-A0C2-F82CD9B58A05}.EI_Debug|Any CPU.ActiveCfg = EI_Debug|Any CPU
		{64375AD2-4D57-44C6-A0C2-F82CD9B58A05}.EI_Debug|Any CPU.Build.0 = EI_Debug|Any CPU
		{64375AD2-4D57-44C6-A0C2-F82CD9B58A05}.EI_Release|Any CPU.ActiveCfg = EI_Release|Any CPU
		{64375AD2-4D57-44C6-A0C2-F82CD9B58A05}.EI_Release|Any CPU.Build.0 = EI_Release|Any CPU
		{64375AD2-4D57-44C6-A0C2-F82CD9B58A05}.Release|Any CPU.ActiveCfg = Release|Any CPU
		{64375AD2-4D57-44C6-A0C2-F82CD9B58A05}.Release|Any CPU.Build.0 = Release|Any CPU
		{96EA0C55-4A0E-4434-B5A2-A798D2F700B8}.Debug|Any CPU.ActiveCfg = Debug|Any CPU
		{96EA0C55-4A0E-4434-B5A2-A798D2F700B8}.Debug|Any CPU.Build.0 = Debug|Any CPU
		{96EA0C55-4A0E-4434-B5A2-A798D2F700B8}.EI_Debug|Any CPU.ActiveCfg = EI_Debug|Any CPU
		{96EA0C55-4A0E-4434-B5A2-A798D2F700B8}.EI_Debug|Any CPU.Build.0 = EI_Debug|Any CPU
		{96EA0C55-4A0E-4434-B5A2-A798D2F700B8}.EI_Release|Any CPU.ActiveCfg = EI_Release|Any CPU
		{96EA0C55-4A0E-4434-B5A2-A798D2F700B8}.EI_Release|Any CPU.Build.0 = EI_Release|Any CPU
		{96EA0C55-4A0E-4434-B5A2-A798D2F700B8}.Release|Any CPU.ActiveCfg = Release|Any CPU
		{96EA0C55-4A0E-4434-B5A2-A798D2F700B8}.Release|Any CPU.Build.0 = Release|Any CPU
		{3386C461-1B83-4AC7-832D-119DBDE194D1}.Debug|Any CPU.ActiveCfg = Debug|Any CPU
		{3386C461-1B83-4AC7-832D-119DBDE194D1}.Debug|Any CPU.Build.0 = Debug|Any CPU
		{3386C461-1B83-4AC7-832D-119DBDE194D1}.EI_Debug|Any CPU.ActiveCfg = EI_Debug|Any CPU
		{3386C461-1B83-4AC7-832D-119DBDE194D1}.EI_Debug|Any CPU.Build.0 = EI_Debug|Any CPU
		{3386C461-1B83-4AC7-832D-119DBDE194D1}.EI_Release|Any CPU.ActiveCfg = EI_Release|Any CPU
		{3386C461-1B83-4AC7-832D-119DBDE194D1}.EI_Release|Any CPU.Build.0 = EI_Release|Any CPU
		{3386C461-1B83-4AC7-832D-119DBDE194D1}.Release|Any CPU.ActiveCfg = Release|Any CPU
		{3386C461-1B83-4AC7-832D-119DBDE194D1}.Release|Any CPU.Build.0 = Release|Any CPU
		{8542343C-D022-436D-A899-B7FAEF7781AE}.Debug|Any CPU.ActiveCfg = Debug|Any CPU
		{8542343C-D022-436D-A899-B7FAEF7781AE}.Debug|Any CPU.Build.0 = Debug|Any CPU
		{8542343C-D022-436D-A899-B7FAEF7781AE}.EI_Debug|Any CPU.ActiveCfg = EI_Debug|Any CPU
		{8542343C-D022-436D-A899-B7FAEF7781AE}.EI_Debug|Any CPU.Build.0 = EI_Debug|Any CPU
		{8542343C-D022-436D-A899-B7FAEF7781AE}.EI_Release|Any CPU.ActiveCfg = EI_Release|Any CPU
		{8542343C-D022-436D-A899-B7FAEF7781AE}.EI_Release|Any CPU.Build.0 = EI_Release|Any CPU
		{8542343C-D022-436D-A899-B7FAEF7781AE}.Release|Any CPU.ActiveCfg = Release|Any CPU
		{8542343C-D022-436D-A899-B7FAEF7781AE}.Release|Any CPU.Build.0 = Release|Any CPU
		{D777ED68-078C-4816-B8FD-1B6908A22DFD}.Debug|Any CPU.ActiveCfg = Debug|Any CPU
		{D777ED68-078C-4816-B8FD-1B6908A22DFD}.Debug|Any CPU.Build.0 = Debug|Any CPU
		{D777ED68-078C-4816-B8FD-1B6908A22DFD}.EI_Debug|Any CPU.ActiveCfg = EI_Debug|Any CPU
		{D777ED68-078C-4816-B8FD-1B6908A22DFD}.EI_Debug|Any CPU.Build.0 = EI_Debug|Any CPU
		{D777ED68-078C-4816-B8FD-1B6908A22DFD}.EI_Release|Any CPU.ActiveCfg = EI_Release|Any CPU
		{D777ED68-078C-4816-B8FD-1B6908A22DFD}.EI_Release|Any CPU.Build.0 = EI_Release|Any CPU
		{D777ED68-078C-4816-B8FD-1B6908A22DFD}.Release|Any CPU.ActiveCfg = Release|Any CPU
		{D777ED68-078C-4816-B8FD-1B6908A22DFD}.Release|Any CPU.Build.0 = Release|Any CPU
		{B7685173-1730-474E-841D-FFF3597D2C4C}.Debug|Any CPU.ActiveCfg = Debug|Any CPU
		{B7685173-1730-474E-841D-FFF3597D2C4C}.Debug|Any CPU.Build.0 = Debug|Any CPU
		{B7685173-1730-474E-841D-FFF3597D2C4C}.EI_Debug|Any CPU.ActiveCfg = EI_Debug|Any CPU
		{B7685173-1730-474E-841D-FFF3597D2C4C}.EI_Debug|Any CPU.Build.0 = EI_Debug|Any CPU
		{B7685173-1730-474E-841D-FFF3597D2C4C}.EI_Release|Any CPU.ActiveCfg = EI_Release|Any CPU
		{B7685173-1730-474E-841D-FFF3597D2C4C}.EI_Release|Any CPU.Build.0 = EI_Release|Any CPU
		{B7685173-1730-474E-841D-FFF3597D2C4C}.Release|Any CPU.ActiveCfg = Release|Any CPU
		{B7685173-1730-474E-841D-FFF3597D2C4C}.Release|Any CPU.Build.0 = Release|Any CPU
		{94CA3406-43B5-4BBC-B4EB-BD733C60671B}.Debug|Any CPU.ActiveCfg = Debug|Any CPU
		{94CA3406-43B5-4BBC-B4EB-BD733C60671B}.Debug|Any CPU.Build.0 = Debug|Any CPU
		{94CA3406-43B5-4BBC-B4EB-BD733C60671B}.EI_Debug|Any CPU.ActiveCfg = EI_Debug|Any CPU
		{94CA3406-43B5-4BBC-B4EB-BD733C60671B}.EI_Debug|Any CPU.Build.0 = EI_Debug|Any CPU
		{94CA3406-43B5-4BBC-B4EB-BD733C60671B}.EI_Release|Any CPU.ActiveCfg = EI_Release|Any CPU
		{94CA3406-43B5-4BBC-B4EB-BD733C60671B}.EI_Release|Any CPU.Build.0 = EI_Release|Any CPU
		{94CA3406-43B5-4BBC-B4EB-BD733C60671B}.Release|Any CPU.ActiveCfg = Release|Any CPU
		{94CA3406-43B5-4BBC-B4EB-BD733C60671B}.Release|Any CPU.Build.0 = Release|Any CPU
		{57133479-133B-4148-AE88-F3822E403B76}.Debug|Any CPU.ActiveCfg = Debug|Any CPU
		{57133479-133B-4148-AE88-F3822E403B76}.Debug|Any CPU.Build.0 = Debug|Any CPU
		{57133479-133B-4148-AE88-F3822E403B76}.EI_Debug|Any CPU.ActiveCfg = EI_Debug|Any CPU
		{57133479-133B-4148-AE88-F3822E403B76}.EI_Debug|Any CPU.Build.0 = EI_Debug|Any CPU
		{57133479-133B-4148-AE88-F3822E403B76}.EI_Release|Any CPU.ActiveCfg = EI_Release|Any CPU
		{57133479-133B-4148-AE88-F3822E403B76}.EI_Release|Any CPU.Build.0 = EI_Release|Any CPU
		{57133479-133B-4148-AE88-F3822E403B76}.Release|Any CPU.ActiveCfg = Release|Any CPU
		{57133479-133B-4148-AE88-F3822E403B76}.Release|Any CPU.Build.0 = Release|Any CPU
	EndGlobalSection
	GlobalSection(SolutionProperties) = preSolution
		HideSolutionNode = FALSE
	EndGlobalSection
	GlobalSection(ExtensibilityGlobals) = postSolution
		SolutionGuid = {AFB5993B-63D1-4ACA-B616-5FAC1A093092}
	EndGlobalSection
EndGlobal
