
Microsoft Visual Studio Solution File, Format Version 12.00
# Visual Studio 14
VisualStudioVersion = 14.0.25123.0
MinimumVisualStudioVersion = 10.0.40219.1
Project("{F088123C-0E9E-452A-89E6-6BA2F21D5CAC}") = "Documentation", "Documentation.modelproj", "{04C26535-6C46-4417-AB77-E0C9BFDDA98B}"
EndProject
Global
	GlobalSection(SolutionConfigurationPlatforms) = preSolution
		Debug|Any CPU = Debug|Any CPU
		Release|Any CPU = Release|Any CPU
	EndGlobalSection
	GlobalSection(ProjectConfigurationPlatforms) = postSolution
		{04C26535-6C46-4417-AB77-E0C9BFDDA98B}.Debug|Any CPU.ActiveCfg = Debug|Any CPU
		{04C26535-6C46-4417-AB77-E0C9BFDDA98B}.Debug|Any CPU.Build.0 = Debug|Any CPU
		{04C26535-6C46-4417-AB77-E0C9BFDDA98B}.Release|Any CPU.ActiveCfg = Release|Any CPU
		{04C26535-6C46-4417-AB77-E0C9BFDDA98B}.Release|Any CPU.Build.0 = Release|Any CPU
	EndGlobalSection
	GlobalSection(SolutionProperties) = preSolution
		HideSolutionNode = FALSE
	EndGlobalSection
EndGlobal
